
Microsoft Visual Studio Solution File, Format Version 10.00
# Visual Studio 2008
Project("{FAE04EC0-301F-11D3-BF4B-00C04F79EFBC}") = "Assembly---UnityScript", "Assembly - UnityScript\Assembly---UnityScript.csproj", "{084E81A6-3376-4976-B642-4C6443C97C36}"
	ProjectSection(ProjectDependencies) = postProject
		{C67F4835-3976-49D0-AA05-3487C9FD57A2} = {C67F4835-3976-49D0-AA05-3487C9FD57A2}
		{546DAF9B-0B6A-4800-922B-2F95A86DE45E} = {546DAF9B-0B6A-4800-922B-2F95A86DE45E}
		{23B280BD-8095-4FA3-B894-B77354BEF075} = {23B280BD-8095-4FA3-B894-B77354BEF075}
	EndProjectSection
EndProject
Project("{FAE04EC0-301F-11D3-BF4B-00C04F79EFBC}") = "Assembly---CSharp---first-pass", "Assembly_-_CSharp_-_first_pass\Assembly---CSharp---first-pass.csproj", "{93A8D6B3-DD52-4C21-A101-AF360DAFC096}"
	ProjectSection(ProjectDependencies) = postProject
		{C67F4835-3976-49D0-AA05-3487C9FD57A2} = {C67F4835-3976-49D0-AA05-3487C9FD57A2}
		{546DAF9B-0B6A-4800-922B-2F95A86DE45E} = {546DAF9B-0B6A-4800-922B-2F95A86DE45E}
	EndProjectSection
EndProject
Project("{FAE04EC0-301F-11D3-BF4B-00C04F79EFBC}") = "Assembly---CSharp", "Assembly_-_CSharp\Assembly---CSharp.csproj", "{23B280BD-8095-4FA3-B894-B77354BEF075}"
	ProjectSection(ProjectDependencies) = postProject
		{C67F4835-3976-49D0-AA05-3487C9FD57A2} = {C67F4835-3976-49D0-AA05-3487C9FD57A2}
		{546DAF9B-0B6A-4800-922B-2F95A86DE45E} = {546DAF9B-0B6A-4800-922B-2F95A86DE45E}
		{93A8D6B3-DD52-4C21-A101-AF360DAFC096} = {93A8D6B3-DD52-4C21-A101-AF360DAFC096}
	EndProjectSection
EndProject
Project("{FAE04EC0-301F-11D3-BF4B-00C04F79EFBC}") = "UnityEngine", "UnityEngine\UnityEngine.csproj", "{C67F4835-3976-49D0-AA05-3487C9FD57A2}"
	ProjectSection(ProjectDependencies) = postProject
		{546DAF9B-0B6A-4800-922B-2F95A86DE45E} = {546DAF9B-0B6A-4800-922B-2F95A86DE45E}
	EndProjectSection
EndProject
Project("{FAE04EC0-301F-11D3-BF4B-00C04F79EFBC}") = "UnityDomainLoad", "UnityDomainLoad\UnityDomainLoad.csproj", "{9446C081-D322-4861-B4E4-DD57727ABD6D}"
	ProjectSection(ProjectDependencies) = postProject
		{546DAF9B-0B6A-4800-922B-2F95A86DE45E} = {546DAF9B-0B6A-4800-922B-2F95A86DE45E}
	EndProjectSection
EndProject
Project("{8BC9CEB8-8B4A-11D0-8D11-00A0C91BC942}") = "PreBuild", "PreBuild\PreBuild.vcproj", "{546DAF9B-0B6A-4800-922B-2F95A86DE45E}"
EndProject
Global
	GlobalSection(SolutionConfigurationPlatforms) = preSolution
		Debug|Any CPU = Debug|Any CPU
		Debug|Mixed Platforms = Debug|Mixed Platforms
		Debug|Win32 = Debug|Win32
		Release|Any CPU = Release|Any CPU
		Release|Mixed Platforms = Release|Mixed Platforms
		Release|Win32 = Release|Win32
	EndGlobalSection
	GlobalSection(ProjectConfigurationPlatforms) = postSolution
		{084E81A6-3376-4976-B642-4C6443C97C36}.Debug|Any CPU.ActiveCfg = Debug|Any CPU
		{084E81A6-3376-4976-B642-4C6443C97C36}.Debug|Any CPU.Build.0 = Debug|Any CPU
		{084E81A6-3376-4976-B642-4C6443C97C36}.Debug|Mixed Platforms.ActiveCfg = Debug|Any CPU
		{084E81A6-3376-4976-B642-4C6443C97C36}.Debug|Mixed Platforms.Build.0 = Debug|Any CPU
		{084E81A6-3376-4976-B642-4C6443C97C36}.Debug|Win32.ActiveCfg = Debug|Any CPU
		{084E81A6-3376-4976-B642-4C6443C97C36}.Release|Any CPU.ActiveCfg = Release|Any CPU
		{084E81A6-3376-4976-B642-4C6443C97C36}.Release|Any CPU.Build.0 = Release|Any CPU
		{084E81A6-3376-4976-B642-4C6443C97C36}.Release|Mixed Platforms.ActiveCfg = Release|Any CPU
		{084E81A6-3376-4976-B642-4C6443C97C36}.Release|Mixed Platforms.Build.0 = Release|Any CPU
		{084E81A6-3376-4976-B642-4C6443C97C36}.Release|Win32.ActiveCfg = Release|Any CPU
		{93A8D6B3-DD52-4C21-A101-AF360DAFC096}.Debug|Any CPU.ActiveCfg = Debug|Any CPU
		{93A8D6B3-DD52-4C21-A101-AF360DAFC096}.Debug|Any CPU.Build.0 = Debug|Any CPU
		{93A8D6B3-DD52-4C21-A101-AF360DAFC096}.Debug|Mixed Platforms.ActiveCfg = Debug|Any CPU
		{93A8D6B3-DD52-4C21-A101-AF360DAFC096}.Debug|Mixed Platforms.Build.0 = Debug|Any CPU
		{93A8D6B3-DD52-4C21-A101-AF360DAFC096}.Debug|Win32.ActiveCfg = Debug|Any CPU
		{93A8D6B3-DD52-4C21-A101-AF360DAFC096}.Release|Any CPU.ActiveCfg = Release|Any CPU
		{93A8D6B3-DD52-4C21-A101-AF360DAFC096}.Release|Any CPU.Build.0 = Release|Any CPU
		{93A8D6B3-DD52-4C21-A101-AF360DAFC096}.Release|Mixed Platforms.ActiveCfg = Release|Any CPU
		{93A8D6B3-DD52-4C21-A101-AF360DAFC096}.Release|Mixed Platforms.Build.0 = Release|Any CPU
		{93A8D6B3-DD52-4C21-A101-AF360DAFC096}.Release|Win32.ActiveCfg = Release|Any CPU
		{23B280BD-8095-4FA3-B894-B77354BEF075}.Debug|Any CPU.ActiveCfg = Debug|Any CPU
		{23B280BD-8095-4FA3-B894-B77354BEF075}.Debug|Any CPU.Build.0 = Debug|Any CPU
		{23B280BD-8095-4FA3-B894-B77354BEF075}.Debug|Mixed Platforms.ActiveCfg = Debug|Any CPU
		{23B280BD-8095-4FA3-B894-B77354BEF075}.Debug|Mixed Platforms.Build.0 = Debug|Any CPU
		{23B280BD-8095-4FA3-B894-B77354BEF075}.Debug|Win32.ActiveCfg = Debug|Any CPU
		{23B280BD-8095-4FA3-B894-B77354BEF075}.Release|Any CPU.ActiveCfg = Release|Any CPU
		{23B280BD-8095-4FA3-B894-B77354BEF075}.Release|Any CPU.Build.0 = Release|Any CPU
		{23B280BD-8095-4FA3-B894-B77354BEF075}.Release|Mixed Platforms.ActiveCfg = Release|Any CPU
		{23B280BD-8095-4FA3-B894-B77354BEF075}.Release|Mixed Platforms.Build.0 = Release|Any CPU
		{23B280BD-8095-4FA3-B894-B77354BEF075}.Release|Win32.ActiveCfg = Release|Any CPU
		{C67F4835-3976-49D0-AA05-3487C9FD57A2}.Debug|Any CPU.ActiveCfg = Debug|Any CPU
		{C67F4835-3976-49D0-AA05-3487C9FD57A2}.Debug|Any CPU.Build.0 = Debug|Any CPU
		{C67F4835-3976-49D0-AA05-3487C9FD57A2}.Debug|Mixed Platforms.ActiveCfg = Debug|Any CPU
		{C67F4835-3976-49D0-AA05-3487C9FD57A2}.Debug|Mixed Platforms.Build.0 = Debug|Any CPU
		{C67F4835-3976-49D0-AA05-3487C9FD57A2}.Debug|Win32.ActiveCfg = Debug|Any CPU
		{C67F4835-3976-49D0-AA05-3487C9FD57A2}.Release|Any CPU.ActiveCfg = Release|Any CPU
		{C67F4835-3976-49D0-AA05-3487C9FD57A2}.Release|Any CPU.Build.0 = Release|Any CPU
		{C67F4835-3976-49D0-AA05-3487C9FD57A2}.Release|Mixed Platforms.ActiveCfg = Release|Any CPU
		{C67F4835-3976-49D0-AA05-3487C9FD57A2}.Release|Mixed Platforms.Build.0 = Release|Any CPU
		{C67F4835-3976-49D0-AA05-3487C9FD57A2}.Release|Win32.ActiveCfg = Release|Any CPU
		{9446C081-D322-4861-B4E4-DD57727ABD6D}.Debug|Any CPU.ActiveCfg = Debug|Any CPU
		{9446C081-D322-4861-B4E4-DD57727ABD6D}.Debug|Any CPU.Build.0 = Debug|Any CPU
		{9446C081-D322-4861-B4E4-DD57727ABD6D}.Debug|Mixed Platforms.ActiveCfg = Debug|Any CPU
		{9446C081-D322-4861-B4E4-DD57727ABD6D}.Debug|Mixed Platforms.Build.0 = Debug|Any CPU
		{9446C081-D322-4861-B4E4-DD57727ABD6D}.Debug|Win32.ActiveCfg = Debug|Any CPU
		{9446C081-D322-4861-B4E4-DD57727ABD6D}.Release|Any CPU.ActiveCfg = Release|Any CPU
		{9446C081-D322-4861-B4E4-DD57727ABD6D}.Release|Any CPU.Build.0 = Release|Any CPU
		{9446C081-D322-4861-B4E4-DD57727ABD6D}.Release|Mixed Platforms.ActiveCfg = Release|Any CPU
		{9446C081-D322-4861-B4E4-DD57727ABD6D}.Release|Mixed Platforms.Build.0 = Release|Any CPU
		{9446C081-D322-4861-B4E4-DD57727ABD6D}.Release|Win32.ActiveCfg = Release|Any CPU
		{546DAF9B-0B6A-4800-922B-2F95A86DE45E}.Debug|Any CPU.ActiveCfg = Debug|Win32
		{546DAF9B-0B6A-4800-922B-2F95A86DE45E}.Debug|Mixed Platforms.ActiveCfg = Debug|Win32
		{546DAF9B-0B6A-4800-922B-2F95A86DE45E}.Debug|Mixed Platforms.Build.0 = Debug|Win32
		{546DAF9B-0B6A-4800-922B-2F95A86DE45E}.Debug|Win32.ActiveCfg = Debug|Win32
		{546DAF9B-0B6A-4800-922B-2F95A86DE45E}.Debug|Win32.Build.0 = Debug|Win32
		{546DAF9B-0B6A-4800-922B-2F95A86DE45E}.Release|Any CPU.ActiveCfg = Release|Win32
		{546DAF9B-0B6A-4800-922B-2F95A86DE45E}.Release|Mixed Platforms.ActiveCfg = Release|Win32
		{546DAF9B-0B6A-4800-922B-2F95A86DE45E}.Release|Mixed Platforms.Build.0 = Release|Win32
		{546DAF9B-0B6A-4800-922B-2F95A86DE45E}.Release|Win32.ActiveCfg = Release|Win32
		{546DAF9B-0B6A-4800-922B-2F95A86DE45E}.Release|Win32.Build.0 = Release|Win32
	EndGlobalSection
	GlobalSection(SolutionProperties) = preSolution
		HideSolutionNode = FALSE
	EndGlobalSection
EndGlobal
